// !$*UTF8*$!
{
	archiveVersion = 1;
	classes = {
	};
	objectVersion = 50;
	objects = {

/* Begin PBXBuildFile section */
		98EDBA95228FE9810062E4E2 /* AppDelegate.swift in Sources */ = {isa = PBXBuildFile; fileRef = 98EDBA94228FE9810062E4E2 /* AppDelegate.swift */; };
		98EDBA9A228FE9810062E4E2 /* Main.storyboard in Resources */ = {isa = PBXBuildFile; fileRef = 98EDBA98228FE9810062E4E2 /* Main.storyboard */; };
		98EDBA9C228FE9820062E4E2 /* Assets.xcassets in Resources */ = {isa = PBXBuildFile; fileRef = 98EDBA9B228FE9820062E4E2 /* Assets.xcassets */; };
		98EDBA9F228FE9820062E4E2 /* LaunchScreen.storyboard in Resources */ = {isa = PBXBuildFile; fileRef = 98EDBA9D228FE9820062E4E2 /* LaunchScreen.storyboard */; };
		98EDBAA7228FE9EF0062E4E2 /* RoundedShadowCard.swift in Sources */ = {isa = PBXBuildFile; fileRef = 98EDBAA6228FE9EF0062E4E2 /* RoundedShadowCard.swift */; };
		98EDBAA9228FF3D00062E4E2 /* InputBillAmountViewController.swift in Sources */ = {isa = PBXBuildFile; fileRef = 98EDBAA8228FF3D00062E4E2 /* InputBillAmountViewController.swift */; };
		98EDBAAB228FFFED0062E4E2 /* GradientView.swift in Sources */ = {isa = PBXBuildFile; fileRef = 98EDBAAA228FFFED0062E4E2 /* GradientView.swift */; };
		98EDBAAE22901D660062E4E2 /* CalculateTipTextFieldButton.swift in Sources */ = {isa = PBXBuildFile; fileRef = 98EDBAAD22901D660062E4E2 /* CalculateTipTextFieldButton.swift */; };
		F6A8C43E07755286EEF4AE27 /* Pods_Easy_Tips.framework in Frameworks */ = {isa = PBXBuildFile; fileRef = B30EB249E2E739C690C29635 /* Pods_Easy_Tips.framework */; };
/* End PBXBuildFile section */

/* Begin PBXFileReference section */
		0928487FB6B4893CC3D924DA /* Pods-Easy Tips.debug.xcconfig */ = {isa = PBXFileReference; includeInIndex = 1; lastKnownFileType = text.xcconfig; name = "Pods-Easy Tips.debug.xcconfig"; path = "Target Support Files/Pods-Easy Tips/Pods-Easy Tips.debug.xcconfig"; sourceTree = "<group>"; };
		98EDBA91228FE9810062E4E2 /* Easy Tips.app */ = {isa = PBXFileReference; explicitFileType = wrapper.application; includeInIndex = 0; path = "Easy Tips.app"; sourceTree = BUILT_PRODUCTS_DIR; };
		98EDBA94228FE9810062E4E2 /* AppDelegate.swift */ = {isa = PBXFileReference; lastKnownFileType = sourcecode.swift; path = AppDelegate.swift; sourceTree = "<group>"; };
		98EDBA99228FE9810062E4E2 /* Base */ = {isa = PBXFileReference; lastKnownFileType = file.storyboard; name = Base; path = Base.lproj/Main.storyboard; sourceTree = "<group>"; };
		98EDBA9B228FE9820062E4E2 /* Assets.xcassets */ = {isa = PBXFileReference; lastKnownFileType = folder.assetcatalog; path = Assets.xcassets; sourceTree = "<group>"; };
		98EDBA9E228FE9820062E4E2 /* Base */ = {isa = PBXFileReference; lastKnownFileType = file.storyboard; name = Base; path = Base.lproj/LaunchScreen.storyboard; sourceTree = "<group>"; };
		98EDBAA0228FE9820062E4E2 /* Info.plist */ = {isa = PBXFileReference; lastKnownFileType = text.plist.xml; path = Info.plist; sourceTree = "<group>"; };
		98EDBAA6228FE9EF0062E4E2 /* RoundedShadowCard.swift */ = {isa = PBXFileReference; lastKnownFileType = sourcecode.swift; path = RoundedShadowCard.swift; sourceTree = "<group>"; };
		98EDBAA8228FF3D00062E4E2 /* InputBillAmountViewController.swift */ = {isa = PBXFileReference; lastKnownFileType = sourcecode.swift; path = InputBillAmountViewController.swift; sourceTree = "<group>"; };
		98EDBAAA228FFFED0062E4E2 /* GradientView.swift */ = {isa = PBXFileReference; lastKnownFileType = sourcecode.swift; path = GradientView.swift; sourceTree = "<group>"; };
		98EDBAAD22901D660062E4E2 /* CalculateTipTextFieldButton.swift */ = {isa = PBXFileReference; lastKnownFileType = sourcecode.swift; path = CalculateTipTextFieldButton.swift; sourceTree = "<group>"; };
		B30EB249E2E739C690C29635 /* Pods_Easy_Tips.framework */ = {isa = PBXFileReference; explicitFileType = wrapper.framework; includeInIndex = 0; path = Pods_Easy_Tips.framework; sourceTree = BUILT_PRODUCTS_DIR; };
		E89F8EAA3F62949B0E45299F /* Pods-Easy Tips.release.xcconfig */ = {isa = PBXFileReference; includeInIndex = 1; lastKnownFileType = text.xcconfig; name = "Pods-Easy Tips.release.xcconfig"; path = "Target Support Files/Pods-Easy Tips/Pods-Easy Tips.release.xcconfig"; sourceTree = "<group>"; };
/* End PBXFileReference section */

/* Begin PBXFrameworksBuildPhase section */
		98EDBA8E228FE9810062E4E2 /* Frameworks */ = {
			isa = PBXFrameworksBuildPhase;
			buildActionMask = 2147483647;
			files = (
				F6A8C43E07755286EEF4AE27 /* Pods_Easy_Tips.framework in Frameworks */,
			);
			runOnlyForDeploymentPostprocessing = 0;
		};
/* End PBXFrameworksBuildPhase section */

/* Begin PBXGroup section */
		98EDBA88228FE9810062E4E2 = {
			isa = PBXGroup;
			children = (
				98EDBA93228FE9810062E4E2 /* Easy Tips */,
				98EDBA92228FE9810062E4E2 /* Products */,
				DED941B0F0A9DC76633D6B62 /* Pods */,
				BA5E4E610BE52897C92FD895 /* Frameworks */,
			);
			sourceTree = "<group>";
		};
		98EDBA92228FE9810062E4E2 /* Products */ = {
			isa = PBXGroup;
			children = (
				98EDBA91228FE9810062E4E2 /* Easy Tips.app */,
			);
			name = Products;
			sourceTree = "<group>";
		};
		98EDBA93228FE9810062E4E2 /* Easy Tips */ = {
			isa = PBXGroup;
			children = (
				98EDBA94228FE9810062E4E2 /* AppDelegate.swift */,
				98EDBAA8228FF3D00062E4E2 /* InputBillAmountViewController.swift */,
				98EDBA98228FE9810062E4E2 /* Main.storyboard */,
				98EDBAAC22901C600062E4E2 /* Supporting Files */,
				98EDBAA0228FE9820062E4E2 /* Info.plist */,
			);
			path = "Easy Tips";
			sourceTree = "<group>";
		};
		98EDBAAC22901C600062E4E2 /* Supporting Files */ = {
			isa = PBXGroup;
			children = (
				98EDBAAD22901D660062E4E2 /* CalculateTipTextFieldButton.swift */,
				98EDBAA6228FE9EF0062E4E2 /* RoundedShadowCard.swift */,
				98EDBAAA228FFFED0062E4E2 /* GradientView.swift */,
				98EDBA9B228FE9820062E4E2 /* Assets.xcassets */,
				98EDBA9D228FE9820062E4E2 /* LaunchScreen.storyboard */,
			);
			path = "Supporting Files";
			sourceTree = "<group>";
		};
		BA5E4E610BE52897C92FD895 /* Frameworks */ = {
			isa = PBXGroup;
			children = (
				B30EB249E2E739C690C29635 /* Pods_Easy_Tips.framework */,
			);
			name = Frameworks;
			sourceTree = "<group>";
		};
		DED941B0F0A9DC76633D6B62 /* Pods */ = {
			isa = PBXGroup;
			children = (
				0928487FB6B4893CC3D924DA /* Pods-Easy Tips.debug.xcconfig */,
				E89F8EAA3F62949B0E45299F /* Pods-Easy Tips.release.xcconfig */,
			);
			path = Pods;
			sourceTree = "<group>";
		};
/* End PBXGroup section */

/* Begin PBXNativeTarget section */
		98EDBA90228FE9810062E4E2 /* Easy Tips */ = {
			isa = PBXNativeTarget;
			buildConfigurationList = 98EDBAA3228FE9820062E4E2 /* Build configuration list for PBXNativeTarget "Easy Tips" */;
			buildPhases = (
				C9F410F0B73DD3FE73BF93F0 /* [CP] Check Pods Manifest.lock */,
				98EDBA8D228FE9810062E4E2 /* Sources */,
				98EDBA8E228FE9810062E4E2 /* Frameworks */,
				98EDBA8F228FE9810062E4E2 /* Resources */,
				BB1620AFE0DAEA3BC18D5176 /* [CP] Embed Pods Frameworks */,
			);
			buildRules = (
			);
			dependencies = (
			);
			name = "Easy Tips";
			productName = "Easy Tips";
			productReference = 98EDBA91228FE9810062E4E2 /* Easy Tips.app */;
			productType = "com.apple.product-type.application";
		};
/* End PBXNativeTarget section */

/* Begin PBXProject section */
		98EDBA89228FE9810062E4E2 /* Project object */ = {
			isa = PBXProject;
			attributes = {
				LastSwiftUpdateCheck = 1020;
				LastUpgradeCheck = 1020;
				ORGANIZATIONNAME = "Johan Park";
				TargetAttributes = {
					98EDBA90228FE9810062E4E2 = {
						CreatedOnToolsVersion = 10.2.1;
					};
				};
			};
			buildConfigurationList = 98EDBA8C228FE9810062E4E2 /* Build configuration list for PBXProject "Easy Tips" */;
			compatibilityVersion = "Xcode 9.3";
			developmentRegion = en;
			hasScannedForEncodings = 0;
			knownRegions = (
				en,
				Base,
			);
			mainGroup = 98EDBA88228FE9810062E4E2;
			productRefGroup = 98EDBA92228FE9810062E4E2 /* Products */;
			projectDirPath = "";
			projectRoot = "";
			targets = (
				98EDBA90228FE9810062E4E2 /* Easy Tips */,
			);
		};
/* End PBXProject section */

/* Begin PBXResourcesBuildPhase section */
		98EDBA8F228FE9810062E4E2 /* Resources */ = {
			isa = PBXResourcesBuildPhase;
			buildActionMask = 2147483647;
			files = (
				98EDBA9F228FE9820062E4E2 /* LaunchScreen.storyboard in Resources */,
				98EDBA9C228FE9820062E4E2 /* Assets.xcassets in Resources */,
				98EDBA9A228FE9810062E4E2 /* Main.storyboard in Resources */,
			);
			runOnlyForDeploymentPostprocessing = 0;
		};
/* End PBXResourcesBuildPhase section */

/* Begin PBXShellScriptBuildPhase section */
		BB1620AFE0DAEA3BC18D5176 /* [CP] Embed Pods Frameworks */ = {
			isa = PBXShellScriptBuildPhase;
			buildActionMask = 2147483647;
			files = (
			);
			inputFileListPaths = (
			);
			inputPaths = (
				"${PODS_ROOT}/Target Support Files/Pods-Easy Tips/Pods-Easy Tips-frameworks.sh",
				"${BUILT_PRODUCTS_DIR}/RevealingSplashView/RevealingSplashView.framework",
			);
			name = "[CP] Embed Pods Frameworks";
			outputFileListPaths = (
			);
			outputPaths = (
				"${TARGET_BUILD_DIR}/${FRAMEWORKS_FOLDER_PATH}/RevealingSplashView.framework",
			);
			runOnlyForDeploymentPostprocessing = 0;
			shellPath = /bin/sh;
			shellScript = "\"${PODS_ROOT}/Target Support Files/Pods-Easy Tips/Pods-Easy Tips-frameworks.sh\"\n";
			showEnvVarsInLog = 0;
		};
		C9F410F0B73DD3FE73BF93F0 /* [CP] Check Pods Manifest.lock */ = {
			isa = PBXShellScriptBuildPhase;
			buildActionMask = 2147483647;
			files = (
			);
			inputFileListPaths = (
			);
			inputPaths = (
				"${PODS_PODFILE_DIR_PATH}/Podfile.lock",
				"${PODS_ROOT}/Manifest.lock",
			);
			name = "[CP] Check Pods Manifest.lock";
			outputFileListPaths = (
			);
			outputPaths = (
				"$(DERIVED_FILE_DIR)/Pods-Easy Tips-checkManifestLockResult.txt",
			);
			runOnlyForDeploymentPostprocessing = 0;
			shellPath = /bin/sh;
			shellScript = "diff \"${PODS_PODFILE_DIR_PATH}/Podfile.lock\" \"${PODS_ROOT}/Manifest.lock\" > /dev/null\nif [ $? != 0 ] ; then\n    # print error to STDERR\n    echo \"error: The sandbox is not in sync with the Podfile.lock. Run 'pod install' or update your CocoaPods installation.\" >&2\n    exit 1\nfi\n# This output is used by Xcode 'outputs' to avoid re-running this script phase.\necho \"SUCCESS\" > \"${SCRIPT_OUTPUT_FILE_0}\"\n";
			showEnvVarsInLog = 0;
		};
/* End PBXShellScriptBuildPhase section */

/* Begin PBXSourcesBuildPhase section */
		98EDBA8D228FE9810062E4E2 /* Sources */ = {
			isa = PBXSourcesBuildPhase;
			buildActionMask = 2147483647;
			files = (
				98EDBAA9228FF3D00062E4E2 /* InputBillAmountViewController.swift in Sources */,
				98EDBAA7228FE9EF0062E4E2 /* RoundedShadowCard.swift in Sources */,
				98EDBAAB228FFFED0062E4E2 /* GradientView.swift in Sources */,
				98EDBAAE22901D660062E4E2 /* CalculateTipTextFieldButton.swift in Sources */,
				98EDBA95228FE9810062E4E2 /* AppDelegate.swift in Sources */,
			);
			runOnlyForDeploymentPostprocessing = 0;
		};
/* End PBXSourcesBuildPhase section */

/* Begin PBXVariantGroup section */
		98EDBA98228FE9810062E4E2 /* Main.storyboard */ = {
			isa = PBXVariantGroup;
			children = (
				98EDBA99228FE9810062E4E2 /* Base */,
			);
			name = Main.storyboard;
			sourceTree = "<group>";
		};
		98EDBA9D228FE9820062E4E2 /* LaunchScreen.storyboard */ = {
			isa = PBXVariantGroup;
			children = (
				98EDBA9E228FE9820062E4E2 /* Base */,
			);
			name = LaunchScreen.storyboard;
			sourceTree = "<group>";
		};
/* End PBXVariantGroup section */

/* Begin XCBuildConfiguration section */
		98EDBAA1228FE9820062E4E2 /* Debug */ = {
			isa = XCBuildConfiguration;
			buildSettings = {
				ALWAYS_SEARCH_USER_PATHS = NO;
				CLANG_ANALYZER_NONNULL = YES;
				CLANG_ANALYZER_NUMBER_OBJECT_CONVERSION = YES_AGGRESSIVE;
				CLANG_CXX_LANGUAGE_STANDARD = "gnu++14";
				CLANG_CXX_LIBRARY = "libc++";
				CLANG_ENABLE_MODULES = YES;
				CLANG_ENABLE_OBJC_ARC = YES;
				CLANG_ENABLE_OBJC_WEAK = YES;
				CLANG_WARN_BLOCK_CAPTURE_AUTORELEASING = YES;
				CLANG_WARN_BOOL_CONVERSION = YES;
				CLANG_WARN_COMMA = YES;
				CLANG_WARN_CONSTANT_CONVERSION = YES;
				CLANG_WARN_DEPRECATED_OBJC_IMPLEMENTATIONS = YES;
				CLANG_WARN_DIRECT_OBJC_ISA_USAGE = YES_ERROR;
				CLANG_WARN_DOCUMENTATION_COMMENTS = YES;
				CLANG_WARN_EMPTY_BODY = YES;
				CLANG_WARN_ENUM_CONVERSION = YES;
				CLANG_WARN_INFINITE_RECURSION = YES;
				CLANG_WARN_INT_CONVERSION = YES;
				CLANG_WARN_NON_LITERAL_NULL_CONVERSION = YES;
				CLANG_WARN_OBJC_IMPLICIT_RETAIN_SELF = YES;
				CLANG_WARN_OBJC_LITERAL_CONVERSION = YES;
				CLANG_WARN_OBJC_ROOT_CLASS = YES_ERROR;
				CLANG_WARN_RANGE_LOOP_ANALYSIS = YES;
				CLANG_WARN_STRICT_PROTOTYPES = YES;
				CLANG_WARN_SUSPICIOUS_MOVE = YES;
				CLANG_WARN_UNGUARDED_AVAILABILITY = YES_AGGRESSIVE;
				CLANG_WARN_UNREACHABLE_CODE = YES;
				CLANG_WARN__DUPLICATE_METHOD_MATCH = YES;
				CODE_SIGN_IDENTITY = "iPhone Developer";
				COPY_PHASE_STRIP = NO;
				DEBUG_INFORMATION_FORMAT = dwarf;
				ENABLE_STRICT_OBJC_MSGSEND = YES;
				ENABLE_TESTABILITY = YES;
				GCC_C_LANGUAGE_STANDARD = gnu11;
				GCC_DYNAMIC_NO_PIC = NO;
				GCC_NO_COMMON_BLOCKS = YES;
				GCC_OPTIMIZATION_LEVEL = 0;
				GCC_PREPROCESSOR_DEFINITIONS = (
					"DEBUG=1",
					"$(inherited)",
				);
				GCC_WARN_64_TO_32_BIT_CONVERSION = YES;
				GCC_WARN_ABOUT_RETURN_TYPE = YES_ERROR;
				GCC_WARN_UNDECLARED_SELECTOR = YES;
				GCC_WARN_UNINITIALIZED_AUTOS = YES_AGGRESSIVE;
				GCC_WARN_UNUSED_FUNCTION = YES;
				GCC_WARN_UNUSED_VARIABLE = YES;
				IPHONEOS_DEPLOYMENT_TARGET = 12.2;
				MTL_ENABLE_DEBUG_INFO = INCLUDE_SOURCE;
				MTL_FAST_MATH = YES;
				ONLY_ACTIVE_ARCH = YES;
				SDKROOT = iphoneos;
				SWIFT_ACTIVE_COMPILATION_CONDITIONS = DEBUG;
				SWIFT_OPTIMIZATION_LEVEL = "-Onone";
			};
			name = Debug;
		};
		98EDBAA2228FE9820062E4E2 /* Release */ = {
			isa = XCBuildConfiguration;
			buildSettings = {
				ALWAYS_SEARCH_USER_PATHS = NO;
				CLANG_ANALYZER_NONNULL = YES;
				CLANG_ANALYZER_NUMBER_OBJECT_CONVERSION = YES_AGGRESSIVE;
				CLANG_CXX_LANGUAGE_STANDARD = "gnu++14";
				CLANG_CXX_LIBRARY = "libc++";
				CLANG_ENABLE_MODULES = YES;
				CLANG_ENABLE_OBJC_ARC = YES;
				CLANG_ENABLE_OBJC_WEAK = YES;
				CLANG_WARN_BLOCK_CAPTURE_AUTORELEASING = YES;
				CLANG_WARN_BOOL_CONVERSION = YES;
				CLANG_WARN_COMMA = YES;
				CLANG_WARN_CONSTANT_CONVERSION = YES;
				CLANG_WARN_DEPRECATED_OBJC_IMPLEMENTATIONS = YES;
				CLANG_WARN_DIRECT_OBJC_ISA_USAGE = YES_ERROR;
				CLANG_WARN_DOCUMENTATION_COMMENTS = YES;
				CLANG_WARN_EMPTY_BODY = YES;
				CLANG_WARN_ENUM_CONVERSION = YES;
				CLANG_WARN_INFINITE_RECURSION = YES;
				CLANG_WARN_INT_CONVERSION = YES;
				CLANG_WARN_NON_LITERAL_NULL_CONVERSION = YES;
				CLANG_WARN_OBJC_IMPLICIT_RETAIN_SELF = YES;
				CLANG_WARN_OBJC_LITERAL_CONVERSION = YES;
				CLANG_WARN_OBJC_ROOT_CLASS = YES_ERROR;
				CLANG_WARN_RANGE_LOOP_ANALYSIS = YES;
				CLANG_WARN_STRICT_PROTOTYPES = YES;
				CLANG_WARN_SUSPICIOUS_MOVE = YES;
				CLANG_WARN_UNGUARDED_AVAILABILITY = YES_AGGRESSIVE;
				CLANG_WARN_UNREACHABLE_CODE = YES;
				CLANG_WARN__DUPLICATE_METHOD_MATCH = YES;
				CODE_SIGN_IDENTITY = "iPhone Developer";
				COPY_PHASE_STRIP = NO;
				DEBUG_INFORMATION_FORMAT = "dwarf-with-dsym";
				ENABLE_NS_ASSERTIONS = NO;
				ENABLE_STRICT_OBJC_MSGSEND = YES;
				GCC_C_LANGUAGE_STANDARD = gnu11;
				GCC_NO_COMMON_BLOCKS = YES;
				GCC_WARN_64_TO_32_BIT_CONVERSION = YES;
				GCC_WARN_ABOUT_RETURN_TYPE = YES_ERROR;
				GCC_WARN_UNDECLARED_SELECTOR = YES;
				GCC_WARN_UNINITIALIZED_AUTOS = YES_AGGRESSIVE;
				GCC_WARN_UNUSED_FUNCTION = YES;
				GCC_WARN_UNUSED_VARIABLE = YES;
				IPHONEOS_DEPLOYMENT_TARGET = 12.2;
				MTL_ENABLE_DEBUG_INFO = NO;
				MTL_FAST_MATH = YES;
				SDKROOT = iphoneos;
				SWIFT_COMPILATION_MODE = wholemodule;
				SWIFT_OPTIMIZATION_LEVEL = "-O";
				VALIDATE_PRODUCT = YES;
			};
			name = Release;
		};
		98EDBAA4228FE9820062E4E2 /* Debug */ = {
			isa = XCBuildConfiguration;
			baseConfigurationReference = 0928487FB6B4893CC3D924DA /* Pods-Easy Tips.debug.xcconfig */;
			buildSettings = {
				ASSETCATALOG_COMPILER_APPICON_NAME = AppIcon;
				CODE_SIGN_STYLE = Automatic;
				DEVELOPMENT_TEAM = 7B227ZD53A;
				INFOPLIST_FILE = "Easy Tips/Info.plist";
				LD_RUNPATH_SEARCH_PATHS = (
					"$(inherited)",
					"@executable_path/Frameworks",
				);
				PRODUCT_BUNDLE_IDENTIFIER = "com.parkjohan.johanpark.Easy-Tips";
				PRODUCT_NAME = "$(TARGET_NAME)";
				SWIFT_VERSION = 5.0;
				TARGETED_DEVICE_FAMILY = 1;
			};
			name = Debug;
		};
		98EDBAA5228FE9820062E4E2 /* Release */ = {
			isa = XCBuildConfiguration;
			baseConfigurationReference = E89F8EAA3F62949B0E45299F /* Pods-Easy Tips.release.xcconfig */;
			buildSettings = {
				ASSETCATALOG_COMPILER_APPICON_NAME = AppIcon;
				CODE_SIGN_STYLE = Automatic;
				DEVELOPMENT_TEAM = 7B227ZD53A;
				INFOPLIST_FILE = "Easy Tips/Info.plist";
				LD_RUNPATH_SEARCH_PATHS = (
					"$(inherited)",
					"@executable_path/Frameworks",
				);
				PRODUCT_BUNDLE_IDENTIFIER = "com.parkjohan.johanpark.Easy-Tips";
				PRODUCT_NAME = "$(TARGET_NAME)";
				SWIFT_VERSION = 5.0;
				TARGETED_DEVICE_FAMILY = 1;
			};
			name = Release;
		};
/* End XCBuildConfiguration section */

/* Begin XCConfigurationList section */
		98EDBA8C228FE9810062E4E2 /* Build configuration list for PBXProject "Easy Tips" */ = {
			isa = XCConfigurationList;
			buildConfigurations = (
				98EDBAA1228FE9820062E4E2 /* Debug */,
				98EDBAA2228FE9820062E4E2 /* Release */,
			);
			defaultConfigurationIsVisible = 0;
			defaultConfigurationName = Release;
		};
		98EDBAA3228FE9820062E4E2 /* Build configuration list for PBXNativeTarget "Easy Tips" */ = {
			isa = XCConfigurationList;
			buildConfigurations = (
				98EDBAA4228FE9820062E4E2 /* Debug */,
				98EDBAA5228FE9820062E4E2 /* Release */,
			);
			defaultConfigurationIsVisible = 0;
			defaultConfigurationName = Release;
		};
/* End XCConfigurationList section */
	};
	rootObject = 98EDBA89228FE9810062E4E2 /* Project object */;
}
